// !$*UTF8*$!
{
	archiveVersion = 1;
	classes = {
	};
	objectVersion = 56;
	objects = {

/* Begin PBXBuildFile section */
		740A3C4D2916CE2100A939D6 /* RoadioApp.swift in Sources */ = {isa = PBXBuildFile; fileRef = 740A3C4C2916CE2100A939D6 /* RoadioApp.swift */; };
		740A3C4F2916CE2100A939D6 /* ContentView.swift in Sources */ = {isa = PBXBuildFile; fileRef = 740A3C4E2916CE2100A939D6 /* ContentView.swift */; };
		740A3C512916CE2200A939D6 /* Assets.xcassets in Resources */ = {isa = PBXBuildFile; fileRef = 740A3C502916CE2200A939D6 /* Assets.xcassets */; };
		740A3C542916CE2200A939D6 /* Preview Assets.xcassets in Resources */ = {isa = PBXBuildFile; fileRef = 740A3C532916CE2200A939D6 /* Preview Assets.xcassets */; };
		740A3C5D2916D19000A939D6 /* HomeScreenView.swift in Sources */ = {isa = PBXBuildFile; fileRef = 740A3C5C2916D19000A939D6 /* HomeScreenView.swift */; };
		740A3C5F2916F5AF00A939D6 /* ResultsView.swift in Sources */ = {isa = PBXBuildFile; fileRef = 740A3C5E2916F5AF00A939D6 /* ResultsView.swift */; };
		740A3C612916FF3A00A939D6 /* TripDetailsView.swift in Sources */ = {isa = PBXBuildFile; fileRef = 740A3C602916FF3A00A939D6 /* TripDetailsView.swift */; };
		740A3C632917008F00A939D6 /* MapView.swift in Sources */ = {isa = PBXBuildFile; fileRef = 740A3C622917008F00A939D6 /* MapView.swift */; };
		740A3C652917041400A939D6 /* LocationManager.swift in Sources */ = {isa = PBXBuildFile; fileRef = 740A3C642917041400A939D6 /* LocationManager.swift */; };
/* End PBXBuildFile section */

/* Begin PBXFileReference section */
		740A3C492916CE2100A939D6 /* Roadio.app */ = {isa = PBXFileReference; explicitFileType = wrapper.application; includeInIndex = 0; path = Roadio.app; sourceTree = BUILT_PRODUCTS_DIR; };
		740A3C4C2916CE2100A939D6 /* RoadioApp.swift */ = {isa = PBXFileReference; lastKnownFileType = sourcecode.swift; path = RoadioApp.swift; sourceTree = "<group>"; };
		740A3C4E2916CE2100A939D6 /* ContentView.swift */ = {isa = PBXFileReference; lastKnownFileType = sourcecode.swift; path = ContentView.swift; sourceTree = "<group>"; };
		740A3C502916CE2200A939D6 /* Assets.xcassets */ = {isa = PBXFileReference; lastKnownFileType = folder.assetcatalog; path = Assets.xcassets; sourceTree = "<group>"; };
		740A3C532916CE2200A939D6 /* Preview Assets.xcassets */ = {isa = PBXFileReference; lastKnownFileType = folder.assetcatalog; path = "Preview Assets.xcassets"; sourceTree = "<group>"; };
		740A3C5C2916D19000A939D6 /* HomeScreenView.swift */ = {isa = PBXFileReference; lastKnownFileType = sourcecode.swift; path = HomeScreenView.swift; sourceTree = "<group>"; };
		740A3C5E2916F5AF00A939D6 /* ResultsView.swift */ = {isa = PBXFileReference; lastKnownFileType = sourcecode.swift; path = ResultsView.swift; sourceTree = "<group>"; };
		740A3C602916FF3A00A939D6 /* TripDetailsView.swift */ = {isa = PBXFileReference; lastKnownFileType = sourcecode.swift; path = TripDetailsView.swift; sourceTree = "<group>"; };
		740A3C622917008F00A939D6 /* MapView.swift */ = {isa = PBXFileReference; lastKnownFileType = sourcecode.swift; path = MapView.swift; sourceTree = "<group>"; };
		740A3C642917041400A939D6 /* LocationManager.swift */ = {isa = PBXFileReference; lastKnownFileType = sourcecode.swift; path = LocationManager.swift; sourceTree = "<group>"; };
/* End PBXFileReference section */

/* Begin PBXFrameworksBuildPhase section */
		740A3C462916CE2100A939D6 /* Frameworks */ = {
			isa = PBXFrameworksBuildPhase;
			buildActionMask = 2147483647;
			files = (
			);
			runOnlyForDeploymentPostprocessing = 0;
		};
/* End PBXFrameworksBuildPhase section */

/* Begin PBXGroup section */
		740A3C402916CE2100A939D6 = {
			isa = PBXGroup;
			children = (
				740A3C4B2916CE2100A939D6 /* Roadio */,
				740A3C4A2916CE2100A939D6 /* Products */,
			);
			sourceTree = "<group>";
		};
		740A3C4A2916CE2100A939D6 /* Products */ = {
			isa = PBXGroup;
			children = (
				740A3C492916CE2100A939D6 /* Roadio.app */,
			);
			name = Products;
			sourceTree = "<group>";
		};
		740A3C4B2916CE2100A939D6 /* Roadio */ = {
			isa = PBXGroup;
			children = (
				740A3C4C2916CE2100A939D6 /* RoadioApp.swift */,
				740A3C4E2916CE2100A939D6 /* ContentView.swift */,
				740A3C5C2916D19000A939D6 /* HomeScreenView.swift */,
				740A3C602916FF3A00A939D6 /* TripDetailsView.swift */,
				740A3C502916CE2200A939D6 /* Assets.xcassets */,
				740A3C5E2916F5AF00A939D6 /* ResultsView.swift */,
				740A3C622917008F00A939D6 /* MapView.swift */,
				740A3C522916CE2200A939D6 /* Preview Content */,
				740A3C642917041400A939D6 /* LocationManager.swift */,
			);
			path = Roadio;
			sourceTree = "<group>";
		};
		740A3C522916CE2200A939D6 /* Preview Content */ = {
			isa = PBXGroup;
			children = (
				740A3C532916CE2200A939D6 /* Preview Assets.xcassets */,
			);
			path = "Preview Content";
			sourceTree = "<group>";
		};
/* End PBXGroup section */

/* Begin PBXNativeTarget section */
		740A3C482916CE2100A939D6 /* Roadio */ = {
			isa = PBXNativeTarget;
			buildConfigurationList = 740A3C572916CE2200A939D6 /* Build configuration list for PBXNativeTarget "Roadio" */;
			buildPhases = (
				740A3C452916CE2100A939D6 /* Sources */,
				740A3C462916CE2100A939D6 /* Frameworks */,
				740A3C472916CE2100A939D6 /* Resources */,
			);
			buildRules = (
			);
			dependencies = (
			);
			name = Roadio;
			productName = Roadio;
			productReference = 740A3C492916CE2100A939D6 /* Roadio.app */;
			productType = "com.apple.product-type.application";
		};
/* End PBXNativeTarget section */

/* Begin PBXProject section */
		740A3C412916CE2100A939D6 /* Project object */ = {
			isa = PBXProject;
			attributes = {
				BuildIndependentTargetsInParallel = 1;
				LastSwiftUpdateCheck = 1400;
				LastUpgradeCheck = 1400;
				TargetAttributes = {
					740A3C482916CE2100A939D6 = {
						CreatedOnToolsVersion = 14.0;
					};
				};
			};
			buildConfigurationList = 740A3C442916CE2100A939D6 /* Build configuration list for PBXProject "Roadio" */;
			compatibilityVersion = "Xcode 14.0";
			developmentRegion = en;
			hasScannedForEncodings = 0;
			knownRegions = (
				en,
				Base,
			);
			mainGroup = 740A3C402916CE2100A939D6;
			productRefGroup = 740A3C4A2916CE2100A939D6 /* Products */;
			projectDirPath = "";
			projectRoot = "";
			targets = (
				740A3C482916CE2100A939D6 /* Roadio */,
			);
		};
/* End PBXProject section */

/* Begin PBXResourcesBuildPhase section */
		740A3C472916CE2100A939D6 /* Resources */ = {
			isa = PBXResourcesBuildPhase;
			buildActionMask = 2147483647;
			files = (
				740A3C542916CE2200A939D6 /* Preview Assets.xcassets in Resources */,
				740A3C512916CE2200A939D6 /* Assets.xcassets in Resources */,
			);
			runOnlyForDeploymentPostprocessing = 0;
		};
/* End PBXResourcesBuildPhase section */

/* Begin PBXSourcesBuildPhase section */
		740A3C452916CE2100A939D6 /* Sources */ = {
			isa = PBXSourcesBuildPhase;
			buildActionMask = 2147483647;
			files = (
				740A3C5D2916D19000A939D6 /* HomeScreenView.swift in Sources */,
				740A3C632917008F00A939D6 /* MapView.swift in Sources */,
				740A3C5F2916F5AF00A939D6 /* ResultsView.swift in Sources */,
				740A3C652917041400A939D6 /* LocationManager.swift in Sources */,
				740A3C4F2916CE2100A939D6 /* ContentView.swift in Sources */,
				740A3C612916FF3A00A939D6 /* TripDetailsView.swift in Sources */,
				740A3C4D2916CE2100A939D6 /* RoadioApp.swift in Sources */,
			);
			runOnlyForDeploymentPostprocessing = 0;
		};
/* End PBXSourcesBuildPhase section */

/* Begin XCBuildConfiguration section */
		740A3C552916CE2200A939D6 /* Debug */ = {
			isa = XCBuildConfiguration;
			buildSettings = {
				ALWAYS_SEARCH_USER_PATHS = NO;
				CLANG_ANALYZER_NONNULL = YES;
				CLANG_ANALYZER_NUMBER_OBJECT_CONVERSION = YES_AGGRESSIVE;
				CLANG_CXX_LANGUAGE_STANDARD = "gnu++20";
				CLANG_ENABLE_MODULES = YES;
				CLANG_ENABLE_OBJC_ARC = YES;
				CLANG_ENABLE_OBJC_WEAK = YES;
				CLANG_WARN_BLOCK_CAPTURE_AUTORELEASING = YES;
				CLANG_WARN_BOOL_CONVERSION = YES;
				CLANG_WARN_COMMA = YES;
				CLANG_WARN_CONSTANT_CONVERSION = YES;
				CLANG_WARN_DEPRECATED_OBJC_IMPLEMENTATIONS = YES;
				CLANG_WARN_DIRECT_OBJC_ISA_USAGE = YES_ERROR;
				CLANG_WARN_DOCUMENTATION_COMMENTS = YES;
				CLANG_WARN_EMPTY_BODY = YES;
				CLANG_WARN_ENUM_CONVERSION = YES;
				CLANG_WARN_INFINITE_RECURSION = YES;
				CLANG_WARN_INT_CONVERSION = YES;
				CLANG_WARN_NON_LITERAL_NULL_CONVERSION = YES;
				CLANG_WARN_OBJC_IMPLICIT_RETAIN_SELF = YES;
				CLANG_WARN_OBJC_LITERAL_CONVERSION = YES;
				CLANG_WARN_OBJC_ROOT_CLASS = YES_ERROR;
				CLANG_WARN_QUOTED_INCLUDE_IN_FRAMEWORK_HEADER = YES;
				CLANG_WARN_RANGE_LOOP_ANALYSIS = YES;
				CLANG_WARN_STRICT_PROTOTYPES = YES;
				CLANG_WARN_SUSPICIOUS_MOVE = YES;
				CLANG_WARN_UNGUARDED_AVAILABILITY = YES_AGGRESSIVE;
				CLANG_WARN_UNREACHABLE_CODE = YES;
				CLANG_WARN__DUPLICATE_METHOD_MATCH = YES;
				COPY_PHASE_STRIP = NO;
				DEBUG_INFORMATION_FORMAT = dwarf;
				ENABLE_STRICT_OBJC_MSGSEND = YES;
				ENABLE_TESTABILITY = YES;
				GCC_C_LANGUAGE_STANDARD = gnu11;
				GCC_DYNAMIC_NO_PIC = NO;
				GCC_NO_COMMON_BLOCKS = YES;
				GCC_OPTIMIZATION_LEVEL = 0;
				GCC_PREPROCESSOR_DEFINITIONS = (
					"DEBUG=1",
					"$(inherited)",
				);
				GCC_WARN_64_TO_32_BIT_CONVERSION = YES;
				GCC_WARN_ABOUT_RETURN_TYPE = YES_ERROR;
				GCC_WARN_UNDECLARED_SELECTOR = YES;
				GCC_WARN_UNINITIALIZED_AUTOS = YES_AGGRESSIVE;
				GCC_WARN_UNUSED_FUNCTION = YES;
				GCC_WARN_UNUSED_VARIABLE = YES;
				IPHONEOS_DEPLOYMENT_TARGET = 16.0;
				MTL_ENABLE_DEBUG_INFO = INCLUDE_SOURCE;
				MTL_FAST_MATH = YES;
				ONLY_ACTIVE_ARCH = YES;
				SDKROOT = iphoneos;
				SWIFT_ACTIVE_COMPILATION_CONDITIONS = DEBUG;
				SWIFT_OPTIMIZATION_LEVEL = "-Onone";
			};
			name = Debug;
		};
		740A3C562916CE2200A939D6 /* Release */ = {
			isa = XCBuildConfiguration;
			buildSettings = {
				ALWAYS_SEARCH_USER_PATHS = NO;
				CLANG_ANALYZER_NONNULL = YES;
				CLANG_ANALYZER_NUMBER_OBJECT_CONVERSION = YES_AGGRESSIVE;
				CLANG_CXX_LANGUAGE_STANDARD = "gnu++20";
				CLANG_ENABLE_MODULES = YES;
				CLANG_ENABLE_OBJC_ARC = YES;
				CLANG_ENABLE_OBJC_WEAK = YES;
				CLANG_WARN_BLOCK_CAPTURE_AUTORELEASING = YES;
				CLANG_WARN_BOOL_CONVERSION = YES;
				CLANG_WARN_COMMA = YES;
				CLANG_WARN_CONSTANT_CONVERSION = YES;
				CLANG_WARN_DEPRECATED_OBJC_IMPLEMENTATIONS = YES;
				CLANG_WARN_DIRECT_OBJC_ISA_USAGE = YES_ERROR;
				CLANG_WARN_DOCUMENTATION_COMMENTS = YES;
				CLANG_WARN_EMPTY_BODY = YES;
				CLANG_WARN_ENUM_CONVERSION = YES;
				CLANG_WARN_INFINITE_RECURSION = YES;
				CLANG_WARN_INT_CONVERSION = YES;
				CLANG_WARN_NON_LITERAL_NULL_CONVERSION = YES;
				CLANG_WARN_OBJC_IMPLICIT_RETAIN_SELF = YES;
				CLANG_WARN_OBJC_LITERAL_CONVERSION = YES;
				CLANG_WARN_OBJC_ROOT_CLASS = YES_ERROR;
				CLANG_WARN_QUOTED_INCLUDE_IN_FRAMEWORK_HEADER = YES;
				CLANG_WARN_RANGE_LOOP_ANALYSIS = YES;
				CLANG_WARN_STRICT_PROTOTYPES = YES;
				CLANG_WARN_SUSPICIOUS_MOVE = YES;
				CLANG_WARN_UNGUARDED_AVAILABILITY = YES_AGGRESSIVE;
				CLANG_WARN_UNREACHABLE_CODE = YES;
				CLANG_WARN__DUPLICATE_METHOD_MATCH = YES;
				COPY_PHASE_STRIP = NO;
				DEBUG_INFORMATION_FORMAT = "dwarf-with-dsym";
				ENABLE_NS_ASSERTIONS = NO;
				ENABLE_STRICT_OBJC_MSGSEND = YES;
				GCC_C_LANGUAGE_STANDARD = gnu11;
				GCC_NO_COMMON_BLOCKS = YES;
				GCC_WARN_64_TO_32_BIT_CONVERSION = YES;
				GCC_WARN_ABOUT_RETURN_TYPE = YES_ERROR;
				GCC_WARN_UNDECLARED_SELECTOR = YES;
				GCC_WARN_UNINITIALIZED_AUTOS = YES_AGGRESSIVE;
				GCC_WARN_UNUSED_FUNCTION = YES;
				GCC_WARN_UNUSED_VARIABLE = YES;
				IPHONEOS_DEPLOYMENT_TARGET = 16.0;
				MTL_ENABLE_DEBUG_INFO = NO;
				MTL_FAST_MATH = YES;
				SDKROOT = iphoneos;
				SWIFT_COMPILATION_MODE = wholemodule;
				SWIFT_OPTIMIZATION_LEVEL = "-O";
				VALIDATE_PRODUCT = YES;
			};
			name = Release;
		};
		740A3C582916CE2200A939D6 /* Debug */ = {
			isa = XCBuildConfiguration;
			buildSettings = {
				ASSETCATALOG_COMPILER_APPICON_NAME = AppIcon;
				ASSETCATALOG_COMPILER_GLOBAL_ACCENT_COLOR_NAME = AccentColor;
				CODE_SIGN_STYLE = Automatic;
				CURRENT_PROJECT_VERSION = 1;
				DEVELOPMENT_ASSET_PATHS = "\"Roadio/Preview Content\"";
				DEVELOPMENT_TEAM = WHSJ688ZS9;
				ENABLE_PREVIEWS = YES;
				GENERATE_INFOPLIST_FILE = YES;
				INFOPLIST_KEY_NSLocationWhenInUseUsageDescription = "This app needs your location to display it on map";
				INFOPLIST_KEY_UIApplicationSceneManifest_Generation = YES;
				INFOPLIST_KEY_UIApplicationSupportsIndirectInputEvents = YES;
				INFOPLIST_KEY_UILaunchScreen_Generation = YES;
				INFOPLIST_KEY_UISupportedInterfaceOrientations_iPad = "UIInterfaceOrientationPortrait UIInterfaceOrientationPortraitUpsideDown UIInterfaceOrientationLandscapeLeft UIInterfaceOrientationLandscapeRight";
				INFOPLIST_KEY_UISupportedInterfaceOrientations_iPhone = "UIInterfaceOrientationPortrait UIInterfaceOrientationLandscapeLeft UIInterfaceOrientationLandscapeRight";
				LD_RUNPATH_SEARCH_PATHS = (
					"$(inherited)",
					"@executable_path/Frameworks",
				);
				MARKETING_VERSION = 1.0;
				PRODUCT_BUNDLE_IDENTIFIER = "App-Team.Roadio";
				PRODUCT_NAME = "$(TARGET_NAME)";
				SWIFT_EMIT_LOC_STRINGS = YES;
				SWIFT_VERSION = 5.0;
				TARGETED_DEVICE_FAMILY = "1,2";
			};
			name = Debug;
		};
		740A3C592916CE2200A939D6 /* Release */ = {
			isa = XCBuildConfiguration;
			buildSettings = {
				ASSETCATALOG_COMPILER_APPICON_NAME = AppIcon;
				ASSETCATALOG_COMPILER_GLOBAL_ACCENT_COLOR_NAME = AccentColor;
				CODE_SIGN_STYLE = Automatic;
				CURRENT_PROJECT_VERSION = 1;
				DEVELOPMENT_ASSET_PATHS = "\"Roadio/Preview Content\"";
				DEVELOPMENT_TEAM = WHSJ688ZS9;
				ENABLE_PREVIEWS = YES;
				GENERATE_INFOPLIST_FILE = YES;
				INFOPLIST_KEY_NSLocationWhenInUseUsageDescription = "This app needs your location to display it on map";
				INFOPLIST_KEY_UIApplicationSceneManifest_Generation = YES;
				INFOPLIST_KEY_UIApplicationSupportsIndirectInputEvents = YES;
				INFOPLIST_KEY_UILaunchScreen_Generation = YES;
				INFOPLIST_KEY_UISupportedInterfaceOrientations_iPad = "UIInterfaceOrientationPortrait UIInterfaceOrientationPortraitUpsideDown UIInterfaceOrientationLandscapeLeft UIInterfaceOrientationLandscapeRight";
				INFOPLIST_KEY_UISupportedInterfaceOrientations_iPhone = "UIInterfaceOrientationPortrait UIInterfaceOrientationLandscapeLeft UIInterfaceOrientationLandscapeRight";
				LD_RUNPATH_SEARCH_PATHS = (
					"$(inherited)",
					"@executable_path/Frameworks",
				);
				MARKETING_VERSION = 1.0;
				PRODUCT_BUNDLE_IDENTIFIER = "App-Team.Roadio";
				PRODUCT_NAME = "$(TARGET_NAME)";
				SWIFT_EMIT_LOC_STRINGS = YES;
				SWIFT_VERSION = 5.0;
				TARGETED_DEVICE_FAMILY = "1,2";
			};
			name = Release;
		};
/* End XCBuildConfiguration section */

/* Begin XCConfigurationList section */
		740A3C442916CE2100A939D6 /* Build configuration list for PBXProject "Roadio" */ = {
			isa = XCConfigurationList;
			buildConfigurations = (
				740A3C552916CE2200A939D6 /* Debug */,
				740A3C562916CE2200A939D6 /* Release */,
			);
			defaultConfigurationIsVisible = 0;
			defaultConfigurationName = Release;
		};
		740A3C572916CE2200A939D6 /* Build configuration list for PBXNativeTarget "Roadio" */ = {
			isa = XCConfigurationList;
			buildConfigurations = (
				740A3C582916CE2200A939D6 /* Debug */,
				740A3C592916CE2200A939D6 /* Release */,
			);
			defaultConfigurationIsVisible = 0;
			defaultConfigurationName = Release;
		};
/* End XCConfigurationList section */
	};
	rootObject = 740A3C412916CE2100A939D6 /* Project object */;
}
